
Microsoft Visual Studio Solution File, Format Version 12.00
# Visual Studio Version 17
VisualStudioVersion = 17.14.36221.1 d17.14
MinimumVisualStudioVersion = 10.0.40219.1
Project("{911E67C6-3D85-4FCE-B560-20A9C3E3FF48}") = "main", "..\build\main.exe", "{5E1CEF41-3DEF-7A05-86FE-BDDB3DF1A841}"
	ProjectSection(DebuggerProjectSystem) = preProject
		PortSupplier = 00000000-0000-0000-0000-000000000000
		Executable = E:\jam\dev\learn\c\interpreter\build\main.exe
		RemoteMachine = P110449001
		StartingDirectory = E:\jam\dev\learn\c\interpreter\build
		Environment = 默认值
		LaunchingEngine = 00000000-0000-0000-0000-000000000000
		UseLegacyDebugEngines = No
		LaunchSQLEngine = No
		AttachLaunchAction = No
		IORedirection = Auto
	EndProjectSection
EndProject
Project("{2150E333-8FDC-42A3-9474-1A3956D46DE8}") = "解决方案项", "解决方案项", "{9FA3D6BD-1EC1-3BA5-80CB-CE02773A58D5}"
	ProjectSection(SolutionItems) = preProject
		lua.h = lua.h
		luaaux.c = luaaux.c
		luaaux.h = luaaux.h
		luado.c = luado.c
		luado.h = luado.h
		luamem.c = luamem.c
		luamem.h = luamem.h
		luaobject.h = luaobject.h
		luastate.c = luastate.c
		luastate.h = luastate.h
		luagc.h = luagc.h
		luagc.c = luagc.c
		main.c = main.c
		test.c = test.c
		unity.c = unity.c
	EndProjectSection
EndProject
Global
	GlobalSection(SolutionConfigurationPlatforms) = preSolution
		Release|x64 = Release|x64
	EndGlobalSection
	GlobalSection(ProjectConfigurationPlatforms) = postSolution
		{5E1CEF41-3DEF-7A05-86FE-BDDB3DF1A841}.Release|x64.ActiveCfg = Release|x64
	EndGlobalSection
	GlobalSection(SolutionProperties) = preSolution
		HideSolutionNode = FALSE
	EndGlobalSection
	GlobalSection(ExtensibilityGlobals) = postSolution
		SolutionGuid = {9FA5695D-6E2B-4216-A757-4154F0A1D627}
	EndGlobalSection
EndGlobal
